
Microsoft Visual Studio Solution File, Format Version 12.00
# Visual Studio Version 17
VisualStudioVersion = 17.4.33213.308
MinimumVisualStudioVersion = 10.0.40219.1
Project("{FAE04EC0-301F-11D3-BF4B-00C04F79EFBC}") = "ArregloUnidimensional1", "ArregloUnidimensional1.csproj", "{7F63774A-A75D-418C-B492-00CAC4E69935}"
EndProject
Global
	GlobalSection(SolutionConfigurationPlatforms) = preSolution
		Debug|Any CPU = Debug|Any CPU
		Release|Any CPU = Release|Any CPU
	EndGlobalSection
	GlobalSection(ProjectConfigurationPlatforms) = postSolution
		{7F63774A-A75D-418C-B492-00CAC4E69935}.Debug|Any CPU.ActiveCfg = Debug|Any CPU
		{7F63774A-A75D-418C-B492-00CAC4E69935}.Debug|Any CPU.Build.0 = Debug|Any CPU
		{7F63774A-A75D-418C-B492-00CAC4E69935}.Release|Any CPU.ActiveCfg = Release|Any CPU
		{7F63774A-A75D-418C-B492-00CAC4E69935}.Release|Any CPU.Build.0 = Release|Any CPU
	EndGlobalSection
	GlobalSection(SolutionProperties) = preSolution
		HideSolutionNode = FALSE
	EndGlobalSection
	GlobalSection(ExtensibilityGlobals) = postSolution
		SolutionGuid = {1D9A214F-716E-4786-B94B-8B63FC0486CB}
	EndGlobalSection
EndGlobal
